
Microsoft Visual Studio Solution File, Format Version 12.00
# Visual Studio 2013
VisualStudioVersion = 12.0.30501.0
MinimumVisualStudioVersion = 10.0.40219.1
Project("{FAE04EC0-301F-11D3-BF4B-00C04F79EFBC}") = "Qars", "Qars\Qars.csproj", "{272D6397-E2BA-4C9B-A457-DB1877711075}"
EndProject
Project("{FAE04EC0-301F-11D3-BF4B-00C04F79EFBC}") = "Unit Tests Qars", "Unit Tests Qars\Unit Tests Qars.csproj", "{FDF6FF0A-0ABC-4BB7-92B9-0AE4EAC918AE}"
EndProject
Project("{FAE04EC0-301F-11D3-BF4B-00C04F79EFBC}") = "Qars Admin", "Qars Admin\Qars Admin.csproj", "{222F9280-91C8-4B67-8549-3BB87C4F7017}"
EndProject
Project("{F088123C-0E9E-452A-89E6-6BA2F21D5CAC}") = "Diagrams", "Diagrams\Diagrams.modelproj", "{46595DB1-C1EE-4E48-A8D3-81C9407C2AFE}"
EndProject
Global
	GlobalSection(SolutionConfigurationPlatforms) = preSolution
		Debug|Any CPU = Debug|Any CPU
		Release|Any CPU = Release|Any CPU
	EndGlobalSection
	GlobalSection(ProjectConfigurationPlatforms) = postSolution
		{272D6397-E2BA-4C9B-A457-DB1877711075}.Debug|Any CPU.ActiveCfg = Debug|Any CPU
		{272D6397-E2BA-4C9B-A457-DB1877711075}.Debug|Any CPU.Build.0 = Debug|Any CPU
		{272D6397-E2BA-4C9B-A457-DB1877711075}.Release|Any CPU.ActiveCfg = Release|Any CPU
		{272D6397-E2BA-4C9B-A457-DB1877711075}.Release|Any CPU.Build.0 = Release|Any CPU
		{FDF6FF0A-0ABC-4BB7-92B9-0AE4EAC918AE}.Debug|Any CPU.ActiveCfg = Debug|Any CPU
		{FDF6FF0A-0ABC-4BB7-92B9-0AE4EAC918AE}.Debug|Any CPU.Build.0 = Debug|Any CPU
		{FDF6FF0A-0ABC-4BB7-92B9-0AE4EAC918AE}.Release|Any CPU.ActiveCfg = Release|Any CPU
		{FDF6FF0A-0ABC-4BB7-92B9-0AE4EAC918AE}.Release|Any CPU.Build.0 = Release|Any CPU
		{222F9280-91C8-4B67-8549-3BB87C4F7017}.Debug|Any CPU.ActiveCfg = Debug|Any CPU
		{222F9280-91C8-4B67-8549-3BB87C4F7017}.Debug|Any CPU.Build.0 = Debug|Any CPU
		{222F9280-91C8-4B67-8549-3BB87C4F7017}.Release|Any CPU.ActiveCfg = Release|Any CPU
		{222F9280-91C8-4B67-8549-3BB87C4F7017}.Release|Any CPU.Build.0 = Release|Any CPU
		{46595DB1-C1EE-4E48-A8D3-81C9407C2AFE}.Debug|Any CPU.ActiveCfg = Debug|Any CPU
		{46595DB1-C1EE-4E48-A8D3-81C9407C2AFE}.Debug|Any CPU.Build.0 = Debug|Any CPU
		{46595DB1-C1EE-4E48-A8D3-81C9407C2AFE}.Release|Any CPU.ActiveCfg = Release|Any CPU
		{46595DB1-C1EE-4E48-A8D3-81C9407C2AFE}.Release|Any CPU.Build.0 = Release|Any CPU
	EndGlobalSection
	GlobalSection(SolutionProperties) = preSolution
		HideSolutionNode = FALSE
	EndGlobalSection
EndGlobal
