
Microsoft Visual Studio Solution File, Format Version 12.00
# Visual Studio 2013
VisualStudioVersion = 12.0.30501.0
MinimumVisualStudioVersion = 10.0.40219.1
Project("{FAE04EC0-301F-11D3-BF4B-00C04F79EFBC}") = "License", "License\License.csproj", "{DAB7A8B9-4B90-4CBC-A8A3-010EE1DADD58}"
EndProject
Project("{FAE04EC0-301F-11D3-BF4B-00C04F79EFBC}") = "SaveButton", "SaveButton\SaveButton.csproj", "{07DB3257-E95A-425A-B46B-D45A879B5F33}"
EndProject
Global
	GlobalSection(SolutionConfigurationPlatforms) = preSolution
		Debug|Any CPU = Debug|Any CPU
		Release|Any CPU = Release|Any CPU
	EndGlobalSection
	GlobalSection(ProjectConfigurationPlatforms) = postSolution
		{DAB7A8B9-4B90-4CBC-A8A3-010EE1DADD58}.Debug|Any CPU.ActiveCfg = Debug|Any CPU
		{DAB7A8B9-4B90-4CBC-A8A3-010EE1DADD58}.Debug|Any CPU.Build.0 = Debug|Any CPU
		{DAB7A8B9-4B90-4CBC-A8A3-010EE1DADD58}.Release|Any CPU.ActiveCfg = Release|Any CPU
		{DAB7A8B9-4B90-4CBC-A8A3-010EE1DADD58}.Release|Any CPU.Build.0 = Release|Any CPU
		{07DB3257-E95A-425A-B46B-D45A879B5F33}.Debug|Any CPU.ActiveCfg = Debug|Any CPU
		{07DB3257-E95A-425A-B46B-D45A879B5F33}.Debug|Any CPU.Build.0 = Debug|Any CPU
		{07DB3257-E95A-425A-B46B-D45A879B5F33}.Release|Any CPU.ActiveCfg = Release|Any CPU
		{07DB3257-E95A-425A-B46B-D45A879B5F33}.Release|Any CPU.Build.0 = Release|Any CPU
	EndGlobalSection
	GlobalSection(SolutionProperties) = preSolution
		HideSolutionNode = FALSE
	EndGlobalSection
EndGlobal
